// !$*UTF8*$!
{
	archiveVersion = 1;
	classes = {
	};
	objectVersion = 46;
	objects = {

/* Begin PBXBuildFile section */
		3BFA9D8118567A6D00E8D495 /* Cocoa.framework in Frameworks */ = {isa = PBXBuildFile; fileRef = 3BFA9D8018567A6D00E8D495 /* Cocoa.framework */; };
		3BFA9D8B18567A6D00E8D495 /* InfoPlist.strings in Resources */ = {isa = PBXBuildFile; fileRef = 3BFA9D8918567A6D00E8D495 /* InfoPlist.strings */; };
		3BFA9D8D18567A6D00E8D495 /* main.m in Sources */ = {isa = PBXBuildFile; fileRef = 3BFA9D8C18567A6D00E8D495 /* main.m */; };
		3BFA9D9118567A6D00E8D495 /* Credits.rtf in Resources */ = {isa = PBXBuildFile; fileRef = 3BFA9D8F18567A6D00E8D495 /* Credits.rtf */; };
		3BFA9D9418567A6D00E8D495 /* DMAppDelegate.m in Sources */ = {isa = PBXBuildFile; fileRef = 3BFA9D9318567A6D00E8D495 /* DMAppDelegate.m */; };
		3BFA9D9718567A6D00E8D495 /* MainMenu.xib in Resources */ = {isa = PBXBuildFile; fileRef = 3BFA9D9518567A6D00E8D495 /* MainMenu.xib */; };
		3BFA9D9918567A6D00E8D495 /* Images.xcassets in Resources */ = {isa = PBXBuildFile; fileRef = 3BFA9D9818567A6D00E8D495 /* Images.xcassets */; };
		3BFA9DA018567A6D00E8D495 /* XCTest.framework in Frameworks */ = {isa = PBXBuildFile; fileRef = 3BFA9D9F18567A6D00E8D495 /* XCTest.framework */; };
		3BFA9DA118567A6D00E8D495 /* Cocoa.framework in Frameworks */ = {isa = PBXBuildFile; fileRef = 3BFA9D8018567A6D00E8D495 /* Cocoa.framework */; };
		3BFA9DA918567A6D00E8D495 /* InfoPlist.strings in Resources */ = {isa = PBXBuildFile; fileRef = 3BFA9DA718567A6D00E8D495 /* InfoPlist.strings */; };
		3BFA9DAB18567A6D00E8D495 /* HyperpokeTests.m in Sources */ = {isa = PBXBuildFile; fileRef = 3BFA9DAA18567A6D00E8D495 /* HyperpokeTests.m */; };
/* End PBXBuildFile section */

/* Begin PBXContainerItemProxy section */
		3BFA9DA218567A6D00E8D495 /* PBXContainerItemProxy */ = {
			isa = PBXContainerItemProxy;
			containerPortal = 3BFA9D7518567A6D00E8D495 /* Project object */;
			proxyType = 1;
			remoteGlobalIDString = 3BFA9D7C18567A6D00E8D495;
			remoteInfo = Hyperpoke;
		};
/* End PBXContainerItemProxy section */

/* Begin PBXFileReference section */
		3BFA9D7D18567A6D00E8D495 /* Hyperpoke.app */ = {isa = PBXFileReference; explicitFileType = wrapper.application; includeInIndex = 0; path = Hyperpoke.app; sourceTree = BUILT_PRODUCTS_DIR; };
		3BFA9D8018567A6D00E8D495 /* Cocoa.framework */ = {isa = PBXFileReference; lastKnownFileType = wrapper.framework; name = Cocoa.framework; path = System/Library/Frameworks/Cocoa.framework; sourceTree = SDKROOT; };
		3BFA9D8318567A6D00E8D495 /* AppKit.framework */ = {isa = PBXFileReference; lastKnownFileType = wrapper.framework; name = AppKit.framework; path = System/Library/Frameworks/AppKit.framework; sourceTree = SDKROOT; };
		3BFA9D8418567A6D00E8D495 /* CoreData.framework */ = {isa = PBXFileReference; lastKnownFileType = wrapper.framework; name = CoreData.framework; path = System/Library/Frameworks/CoreData.framework; sourceTree = SDKROOT; };
		3BFA9D8518567A6D00E8D495 /* Foundation.framework */ = {isa = PBXFileReference; lastKnownFileType = wrapper.framework; name = Foundation.framework; path = System/Library/Frameworks/Foundation.framework; sourceTree = SDKROOT; };
		3BFA9D8818567A6D00E8D495 /* Hyperpoke-Info.plist */ = {isa = PBXFileReference; lastKnownFileType = text.plist.xml; path = "Hyperpoke-Info.plist"; sourceTree = "<group>"; };
		3BFA9D8A18567A6D00E8D495 /* en */ = {isa = PBXFileReference; lastKnownFileType = text.plist.strings; name = en; path = en.lproj/InfoPlist.strings; sourceTree = "<group>"; };
		3BFA9D8C18567A6D00E8D495 /* main.m */ = {isa = PBXFileReference; lastKnownFileType = sourcecode.c.objc; path = main.m; sourceTree = "<group>"; };
		3BFA9D8E18567A6D00E8D495 /* Hyperpoke-Prefix.pch */ = {isa = PBXFileReference; lastKnownFileType = sourcecode.c.h; path = "Hyperpoke-Prefix.pch"; sourceTree = "<group>"; };
		3BFA9D9018567A6D00E8D495 /* en */ = {isa = PBXFileReference; lastKnownFileType = text.rtf; name = en; path = en.lproj/Credits.rtf; sourceTree = "<group>"; };
		3BFA9D9218567A6D00E8D495 /* DMAppDelegate.h */ = {isa = PBXFileReference; lastKnownFileType = sourcecode.c.h; path = DMAppDelegate.h; sourceTree = "<group>"; };
		3BFA9D9318567A6D00E8D495 /* DMAppDelegate.m */ = {isa = PBXFileReference; lastKnownFileType = sourcecode.c.objc; path = DMAppDelegate.m; sourceTree = "<group>"; };
		3BFA9D9618567A6D00E8D495 /* Base */ = {isa = PBXFileReference; lastKnownFileType = file.xib; name = Base; path = Base.lproj/MainMenu.xib; sourceTree = "<group>"; };
		3BFA9D9818567A6D00E8D495 /* Images.xcassets */ = {isa = PBXFileReference; lastKnownFileType = folder.assetcatalog; path = Images.xcassets; sourceTree = "<group>"; };
		3BFA9D9E18567A6D00E8D495 /* HyperpokeTests.xctest */ = {isa = PBXFileReference; explicitFileType = wrapper.cfbundle; includeInIndex = 0; path = HyperpokeTests.xctest; sourceTree = BUILT_PRODUCTS_DIR; };
		3BFA9D9F18567A6D00E8D495 /* XCTest.framework */ = {isa = PBXFileReference; lastKnownFileType = wrapper.framework; name = XCTest.framework; path = Library/Frameworks/XCTest.framework; sourceTree = DEVELOPER_DIR; };
		3BFA9DA618567A6D00E8D495 /* HyperpokeTests-Info.plist */ = {isa = PBXFileReference; lastKnownFileType = text.plist.xml; path = "HyperpokeTests-Info.plist"; sourceTree = "<group>"; };
		3BFA9DA818567A6D00E8D495 /* en */ = {isa = PBXFileReference; lastKnownFileType = text.plist.strings; name = en; path = en.lproj/InfoPlist.strings; sourceTree = "<group>"; };
		3BFA9DAA18567A6D00E8D495 /* HyperpokeTests.m */ = {isa = PBXFileReference; lastKnownFileType = sourcecode.c.objc; path = HyperpokeTests.m; sourceTree = "<group>"; };
/* End PBXFileReference section */

/* Begin PBXFrameworksBuildPhase section */
		3BFA9D7A18567A6D00E8D495 /* Frameworks */ = {
			isa = PBXFrameworksBuildPhase;
			buildActionMask = 2147483647;
			files = (
				3BFA9D8118567A6D00E8D495 /* Cocoa.framework in Frameworks */,
			);
			runOnlyForDeploymentPostprocessing = 0;
		};
		3BFA9D9B18567A6D00E8D495 /* Frameworks */ = {
			isa = PBXFrameworksBuildPhase;
			buildActionMask = 2147483647;
			files = (
				3BFA9DA118567A6D00E8D495 /* Cocoa.framework in Frameworks */,
				3BFA9DA018567A6D00E8D495 /* XCTest.framework in Frameworks */,
			);
			runOnlyForDeploymentPostprocessing = 0;
		};
/* End PBXFrameworksBuildPhase section */

/* Begin PBXGroup section */
		3BFA9D7418567A6D00E8D495 = {
			isa = PBXGroup;
			children = (
				3BFA9D8618567A6D00E8D495 /* Hyperpoke */,
				3BFA9DA418567A6D00E8D495 /* HyperpokeTests */,
				3BFA9D7F18567A6D00E8D495 /* Frameworks */,
				3BFA9D7E18567A6D00E8D495 /* Products */,
			);
			sourceTree = "<group>";
		};
		3BFA9D7E18567A6D00E8D495 /* Products */ = {
			isa = PBXGroup;
			children = (
				3BFA9D7D18567A6D00E8D495 /* Hyperpoke.app */,
				3BFA9D9E18567A6D00E8D495 /* HyperpokeTests.xctest */,
			);
			name = Products;
			sourceTree = "<group>";
		};
		3BFA9D7F18567A6D00E8D495 /* Frameworks */ = {
			isa = PBXGroup;
			children = (
				3BFA9D8018567A6D00E8D495 /* Cocoa.framework */,
				3BFA9D9F18567A6D00E8D495 /* XCTest.framework */,
				3BFA9D8218567A6D00E8D495 /* Other Frameworks */,
			);
			name = Frameworks;
			sourceTree = "<group>";
		};
		3BFA9D8218567A6D00E8D495 /* Other Frameworks */ = {
			isa = PBXGroup;
			children = (
				3BFA9D8318567A6D00E8D495 /* AppKit.framework */,
				3BFA9D8418567A6D00E8D495 /* CoreData.framework */,
				3BFA9D8518567A6D00E8D495 /* Foundation.framework */,
			);
			name = "Other Frameworks";
			sourceTree = "<group>";
		};
		3BFA9D8618567A6D00E8D495 /* Hyperpoke */ = {
			isa = PBXGroup;
			children = (
				3BFA9D9218567A6D00E8D495 /* DMAppDelegate.h */,
				3BFA9D9318567A6D00E8D495 /* DMAppDelegate.m */,
				3BFA9D9518567A6D00E8D495 /* MainMenu.xib */,
				3BFA9D9818567A6D00E8D495 /* Images.xcassets */,
				3BFA9D8718567A6D00E8D495 /* Supporting Files */,
			);
			path = Hyperpoke;
			sourceTree = "<group>";
		};
		3BFA9D8718567A6D00E8D495 /* Supporting Files */ = {
			isa = PBXGroup;
			children = (
				3BFA9D8818567A6D00E8D495 /* Hyperpoke-Info.plist */,
				3BFA9D8918567A6D00E8D495 /* InfoPlist.strings */,
				3BFA9D8C18567A6D00E8D495 /* main.m */,
				3BFA9D8E18567A6D00E8D495 /* Hyperpoke-Prefix.pch */,
				3BFA9D8F18567A6D00E8D495 /* Credits.rtf */,
			);
			name = "Supporting Files";
			sourceTree = "<group>";
		};
		3BFA9DA418567A6D00E8D495 /* HyperpokeTests */ = {
			isa = PBXGroup;
			children = (
				3BFA9DAA18567A6D00E8D495 /* HyperpokeTests.m */,
				3BFA9DA518567A6D00E8D495 /* Supporting Files */,
			);
			path = HyperpokeTests;
			sourceTree = "<group>";
		};
		3BFA9DA518567A6D00E8D495 /* Supporting Files */ = {
			isa = PBXGroup;
			children = (
				3BFA9DA618567A6D00E8D495 /* HyperpokeTests-Info.plist */,
				3BFA9DA718567A6D00E8D495 /* InfoPlist.strings */,
			);
			name = "Supporting Files";
			sourceTree = "<group>";
		};
/* End PBXGroup section */

/* Begin PBXNativeTarget section */
		3BFA9D7C18567A6D00E8D495 /* Hyperpoke */ = {
			isa = PBXNativeTarget;
			buildConfigurationList = 3BFA9DAE18567A6D00E8D495 /* Build configuration list for PBXNativeTarget "Hyperpoke" */;
			buildPhases = (
				3BFA9D7918567A6D00E8D495 /* Sources */,
				3BFA9D7A18567A6D00E8D495 /* Frameworks */,
				3BFA9D7B18567A6D00E8D495 /* Resources */,
			);
			buildRules = (
			);
			dependencies = (
			);
			name = Hyperpoke;
			productName = Hyperpoke;
			productReference = 3BFA9D7D18567A6D00E8D495 /* Hyperpoke.app */;
			productType = "com.apple.product-type.application";
		};
		3BFA9D9D18567A6D00E8D495 /* HyperpokeTests */ = {
			isa = PBXNativeTarget;
			buildConfigurationList = 3BFA9DB118567A6D00E8D495 /* Build configuration list for PBXNativeTarget "HyperpokeTests" */;
			buildPhases = (
				3BFA9D9A18567A6D00E8D495 /* Sources */,
				3BFA9D9B18567A6D00E8D495 /* Frameworks */,
				3BFA9D9C18567A6D00E8D495 /* Resources */,
			);
			buildRules = (
			);
			dependencies = (
				3BFA9DA318567A6D00E8D495 /* PBXTargetDependency */,
			);
			name = HyperpokeTests;
			productName = HyperpokeTests;
			productReference = 3BFA9D9E18567A6D00E8D495 /* HyperpokeTests.xctest */;
			productType = "com.apple.product-type.bundle.unit-test";
		};
/* End PBXNativeTarget section */

/* Begin PBXProject section */
		3BFA9D7518567A6D00E8D495 /* Project object */ = {
			isa = PBXProject;
			attributes = {
				CLASSPREFIX = DM;
				LastUpgradeCheck = 0500;
				ORGANIZATIONNAME = "Divergent Media";
				TargetAttributes = {
					3BFA9D9D18567A6D00E8D495 = {
						TestTargetID = 3BFA9D7C18567A6D00E8D495;
					};
				};
			};
			buildConfigurationList = 3BFA9D7818567A6D00E8D495 /* Build configuration list for PBXProject "Hyperpoke" */;
			compatibilityVersion = "Xcode 3.2";
			developmentRegion = English;
			hasScannedForEncodings = 0;
			knownRegions = (
				en,
				Base,
			);
			mainGroup = 3BFA9D7418567A6D00E8D495;
			productRefGroup = 3BFA9D7E18567A6D00E8D495 /* Products */;
			projectDirPath = "";
			projectRoot = "";
			targets = (
				3BFA9D7C18567A6D00E8D495 /* Hyperpoke */,
				3BFA9D9D18567A6D00E8D495 /* HyperpokeTests */,
			);
		};
/* End PBXProject section */

/* Begin PBXResourcesBuildPhase section */
		3BFA9D7B18567A6D00E8D495 /* Resources */ = {
			isa = PBXResourcesBuildPhase;
			buildActionMask = 2147483647;
			files = (
				3BFA9D8B18567A6D00E8D495 /* InfoPlist.strings in Resources */,
				3BFA9D9918567A6D00E8D495 /* Images.xcassets in Resources */,
				3BFA9D9118567A6D00E8D495 /* Credits.rtf in Resources */,
				3BFA9D9718567A6D00E8D495 /* MainMenu.xib in Resources */,
			);
			runOnlyForDeploymentPostprocessing = 0;
		};
		3BFA9D9C18567A6D00E8D495 /* Resources */ = {
			isa = PBXResourcesBuildPhase;
			buildActionMask = 2147483647;
			files = (
				3BFA9DA918567A6D00E8D495 /* InfoPlist.strings in Resources */,
			);
			runOnlyForDeploymentPostprocessing = 0;
		};
/* End PBXResourcesBuildPhase section */

/* Begin PBXSourcesBuildPhase section */
		3BFA9D7918567A6D00E8D495 /* Sources */ = {
			isa = PBXSourcesBuildPhase;
			buildActionMask = 2147483647;
			files = (
				3BFA9D8D18567A6D00E8D495 /* main.m in Sources */,
				3BFA9D9418567A6D00E8D495 /* DMAppDelegate.m in Sources */,
			);
			runOnlyForDeploymentPostprocessing = 0;
		};
		3BFA9D9A18567A6D00E8D495 /* Sources */ = {
			isa = PBXSourcesBuildPhase;
			buildActionMask = 2147483647;
			files = (
				3BFA9DAB18567A6D00E8D495 /* HyperpokeTests.m in Sources */,
			);
			runOnlyForDeploymentPostprocessing = 0;
		};
/* End PBXSourcesBuildPhase section */

/* Begin PBXTargetDependency section */
		3BFA9DA318567A6D00E8D495 /* PBXTargetDependency */ = {
			isa = PBXTargetDependency;
			target = 3BFA9D7C18567A6D00E8D495 /* Hyperpoke */;
			targetProxy = 3BFA9DA218567A6D00E8D495 /* PBXContainerItemProxy */;
		};
/* End PBXTargetDependency section */

/* Begin PBXVariantGroup section */
		3BFA9D8918567A6D00E8D495 /* InfoPlist.strings */ = {
			isa = PBXVariantGroup;
			children = (
				3BFA9D8A18567A6D00E8D495 /* en */,
			);
			name = InfoPlist.strings;
			sourceTree = "<group>";
		};
		3BFA9D8F18567A6D00E8D495 /* Credits.rtf */ = {
			isa = PBXVariantGroup;
			children = (
				3BFA9D9018567A6D00E8D495 /* en */,
			);
			name = Credits.rtf;
			sourceTree = "<group>";
		};
		3BFA9D9518567A6D00E8D495 /* MainMenu.xib */ = {
			isa = PBXVariantGroup;
			children = (
				3BFA9D9618567A6D00E8D495 /* Base */,
			);
			name = MainMenu.xib;
			sourceTree = "<group>";
		};
		3BFA9DA718567A6D00E8D495 /* InfoPlist.strings */ = {
			isa = PBXVariantGroup;
			children = (
				3BFA9DA818567A6D00E8D495 /* en */,
			);
			name = InfoPlist.strings;
			sourceTree = "<group>";
		};
/* End PBXVariantGroup section */

/* Begin XCBuildConfiguration section */
		3BFA9DAC18567A6D00E8D495 /* Debug */ = {
			isa = XCBuildConfiguration;
			buildSettings = {
				ALWAYS_SEARCH_USER_PATHS = NO;
				CLANG_CXX_LANGUAGE_STANDARD = "gnu++0x";
				CLANG_CXX_LIBRARY = "libc++";
				CLANG_ENABLE_OBJC_ARC = YES;
				CLANG_WARN_BOOL_CONVERSION = YES;
				CLANG_WARN_CONSTANT_CONVERSION = YES;
				CLANG_WARN_DIRECT_OBJC_ISA_USAGE = YES_ERROR;
				CLANG_WARN_EMPTY_BODY = YES;
				CLANG_WARN_ENUM_CONVERSION = YES;
				CLANG_WARN_INT_CONVERSION = YES;
				CLANG_WARN_OBJC_ROOT_CLASS = YES_ERROR;
				CLANG_WARN__DUPLICATE_METHOD_MATCH = YES;
				COPY_PHASE_STRIP = NO;
				GCC_C_LANGUAGE_STANDARD = gnu99;
				GCC_DYNAMIC_NO_PIC = NO;
				GCC_ENABLE_OBJC_EXCEPTIONS = YES;
				GCC_OPTIMIZATION_LEVEL = 0;
				GCC_PREPROCESSOR_DEFINITIONS = (
					"DEBUG=1",
					"$(inherited)",
				);
				GCC_SYMBOLS_PRIVATE_EXTERN = NO;
				GCC_WARN_64_TO_32_BIT_CONVERSION = YES;
				GCC_WARN_ABOUT_RETURN_TYPE = YES_ERROR;
				GCC_WARN_UNDECLARED_SELECTOR = YES;
				GCC_WARN_UNINITIALIZED_AUTOS = YES;
				GCC_WARN_UNUSED_FUNCTION = YES;
				GCC_WARN_UNUSED_VARIABLE = YES;
				MACOSX_DEPLOYMENT_TARGET = 10.9;
				ONLY_ACTIVE_ARCH = YES;
				SDKROOT = macosx;
			};
			name = Debug;
		};
		3BFA9DAD18567A6D00E8D495 /* Release */ = {
			isa = XCBuildConfiguration;
			buildSettings = {
				ALWAYS_SEARCH_USER_PATHS = NO;
				CLANG_CXX_LANGUAGE_STANDARD = "gnu++0x";
				CLANG_CXX_LIBRARY = "libc++";
				CLANG_ENABLE_OBJC_ARC = YES;
				CLANG_WARN_BOOL_CONVERSION = YES;
				CLANG_WARN_CONSTANT_CONVERSION = YES;
				CLANG_WARN_DIRECT_OBJC_ISA_USAGE = YES_ERROR;
				CLANG_WARN_EMPTY_BODY = YES;
				CLANG_WARN_ENUM_CONVERSION = YES;
				CLANG_WARN_INT_CONVERSION = YES;
				CLANG_WARN_OBJC_ROOT_CLASS = YES_ERROR;
				CLANG_WARN__DUPLICATE_METHOD_MATCH = YES;
				COPY_PHASE_STRIP = YES;
				DEBUG_INFORMATION_FORMAT = "dwarf-with-dsym";
				ENABLE_NS_ASSERTIONS = NO;
				GCC_C_LANGUAGE_STANDARD = gnu99;
				GCC_ENABLE_OBJC_EXCEPTIONS = YES;
				GCC_WARN_64_TO_32_BIT_CONVERSION = YES;
				GCC_WARN_ABOUT_RETURN_TYPE = YES_ERROR;
				GCC_WARN_UNDECLARED_SELECTOR = YES;
				GCC_WARN_UNINITIALIZED_AUTOS = YES;
				GCC_WARN_UNUSED_FUNCTION = YES;
				GCC_WARN_UNUSED_VARIABLE = YES;
				MACOSX_DEPLOYMENT_TARGET = 10.9;
				SDKROOT = macosx;
			};
			name = Release;
		};
		3BFA9DAF18567A6D00E8D495 /* Debug */ = {
			isa = XCBuildConfiguration;
			buildSettings = {
				ASSETCATALOG_COMPILER_APPICON_NAME = AppIcon;
				COMBINE_HIDPI_IMAGES = YES;
				GCC_PRECOMPILE_PREFIX_HEADER = YES;
				GCC_PREFIX_HEADER = "Hyperpoke/Hyperpoke-Prefix.pch";
				INFOPLIST_FILE = "Hyperpoke/Hyperpoke-Info.plist";
				PRODUCT_NAME = "$(TARGET_NAME)";
				WRAPPER_EXTENSION = app;
			};
			name = Debug;
		};
		3BFA9DB018567A6D00E8D495 /* Release */ = {
			isa = XCBuildConfiguration;
			buildSettings = {
				ASSETCATALOG_COMPILER_APPICON_NAME = AppIcon;
				COMBINE_HIDPI_IMAGES = YES;
				GCC_PRECOMPILE_PREFIX_HEADER = YES;
				GCC_PREFIX_HEADER = "Hyperpoke/Hyperpoke-Prefix.pch";
				INFOPLIST_FILE = "Hyperpoke/Hyperpoke-Info.plist";
				PRODUCT_NAME = "$(TARGET_NAME)";
				WRAPPER_EXTENSION = app;
			};
			name = Release;
		};
		3BFA9DB218567A6D00E8D495 /* Debug */ = {
			isa = XCBuildConfiguration;
			buildSettings = {
				BUNDLE_LOADER = "$(BUILT_PRODUCTS_DIR)/Hyperpoke.app/Contents/MacOS/Hyperpoke";
				COMBINE_HIDPI_IMAGES = YES;
				FRAMEWORK_SEARCH_PATHS = (
					"$(DEVELOPER_FRAMEWORKS_DIR)",
					"$(inherited)",
				);
				GCC_PRECOMPILE_PREFIX_HEADER = YES;
				GCC_PREFIX_HEADER = "Hyperpoke/Hyperpoke-Prefix.pch";
				GCC_PREPROCESSOR_DEFINITIONS = (
					"DEBUG=1",
					"$(inherited)",
				);
				INFOPLIST_FILE = "HyperpokeTests/HyperpokeTests-Info.plist";
				PRODUCT_NAME = "$(TARGET_NAME)";
				TEST_HOST = "$(BUNDLE_LOADER)";
				WRAPPER_EXTENSION = xctest;
			};
			name = Debug;
		};
		3BFA9DB318567A6D00E8D495 /* Release */ = {
			isa = XCBuildConfiguration;
			buildSettings = {
				BUNDLE_LOADER = "$(BUILT_PRODUCTS_DIR)/Hyperpoke.app/Contents/MacOS/Hyperpoke";
				COMBINE_HIDPI_IMAGES = YES;
				FRAMEWORK_SEARCH_PATHS = (
					"$(DEVELOPER_FRAMEWORKS_DIR)",
					"$(inherited)",
				);
				GCC_PRECOMPILE_PREFIX_HEADER = YES;
				GCC_PREFIX_HEADER = "Hyperpoke/Hyperpoke-Prefix.pch";
				INFOPLIST_FILE = "HyperpokeTests/HyperpokeTests-Info.plist";
				PRODUCT_NAME = "$(TARGET_NAME)";
				TEST_HOST = "$(BUNDLE_LOADER)";
				WRAPPER_EXTENSION = xctest;
			};
			name = Release;
		};
/* End XCBuildConfiguration section */

/* Begin XCConfigurationList section */
		3BFA9D7818567A6D00E8D495 /* Build configuration list for PBXProject "Hyperpoke" */ = {
			isa = XCConfigurationList;
			buildConfigurations = (
				3BFA9DAC18567A6D00E8D495 /* Debug */,
				3BFA9DAD18567A6D00E8D495 /* Release */,
			);
			defaultConfigurationIsVisible = 0;
			defaultConfigurationName = Release;
		};
		3BFA9DAE18567A6D00E8D495 /* Build configuration list for PBXNativeTarget "Hyperpoke" */ = {
			isa = XCConfigurationList;
			buildConfigurations = (
				3BFA9DAF18567A6D00E8D495 /* Debug */,
				3BFA9DB018567A6D00E8D495 /* Release */,
			);
			defaultConfigurationIsVisible = 0;
		};
		3BFA9DB118567A6D00E8D495 /* Build configuration list for PBXNativeTarget "HyperpokeTests" */ = {
			isa = XCConfigurationList;
			buildConfigurations = (
				3BFA9DB218567A6D00E8D495 /* Debug */,
				3BFA9DB318567A6D00E8D495 /* Release */,
			);
			defaultConfigurationIsVisible = 0;
		};
/* End XCConfigurationList section */
	};
	rootObject = 3BFA9D7518567A6D00E8D495 /* Project object */;
}
